
Microsoft Visual Studio Solution File, Format Version 12.00
# Visual Studio Version 17
Project("{2150E333-8FDC-42A3-9474-1A3956D46DE8}") = "CMakePredefinedTargets", "CMakePredefinedTargets", "{602241DD-CC48-3C99-AA90-A29DEBFE3F5E}"
EndProject
Project("{8BC9CEB8-8B4A-11D0-8D11-00A0C91BC942}") = "CSC8503", "CSC8503\CSC8503.vcxproj", "{99A8ED98-B8D2-3D1A-85D8-ED452C522B8F}"
	ProjectSection(ProjectDependencies) = postProject
		{71565A07-A826-3185-8087-C20B87A533E4} = {71565A07-A826-3185-8087-C20B87A533E4}
		{653BE862-7D40-3C5E-B1C7-3411FE5ED99E} = {653BE862-7D40-3C5E-B1C7-3411FE5ED99E}
		{D1A0E61A-6EB5-33D5-8C58-EF2D0EABDECE} = {D1A0E61A-6EB5-33D5-8C58-EF2D0EABDECE}
		{84645941-B960-3A70-9CBC-F4B7173EB4D5} = {84645941-B960-3A70-9CBC-F4B7173EB4D5}
	EndProjectSection
EndProject
Project("{8BC9CEB8-8B4A-11D0-8D11-00A0C91BC942}") = "ALL_BUILD", "ALL_BUILD.vcxproj", "{8C518EBF-19B4-3EC0-BC86-C28739A418E7}"
	ProjectSection(ProjectDependencies) = postProject
		{99A8ED98-B8D2-3D1A-85D8-ED452C522B8F} = {99A8ED98-B8D2-3D1A-85D8-ED452C522B8F}
		{71565A07-A826-3185-8087-C20B87A533E4} = {71565A07-A826-3185-8087-C20B87A533E4}
		{653BE862-7D40-3C5E-B1C7-3411FE5ED99E} = {653BE862-7D40-3C5E-B1C7-3411FE5ED99E}
		{D1A0E61A-6EB5-33D5-8C58-EF2D0EABDECE} = {D1A0E61A-6EB5-33D5-8C58-EF2D0EABDECE}
		{84645941-B960-3A70-9CBC-F4B7173EB4D5} = {84645941-B960-3A70-9CBC-F4B7173EB4D5}
	EndProjectSection
EndProject
Project("{8BC9CEB8-8B4A-11D0-8D11-00A0C91BC942}") = "CSC8503CoreClasses", "CSC8503CoreClasses\CSC8503CoreClasses.vcxproj", "{71565A07-A826-3185-8087-C20B87A533E4}"
	ProjectSection(ProjectDependencies) = postProject
		{84645941-B960-3A70-9CBC-F4B7173EB4D5} = {84645941-B960-3A70-9CBC-F4B7173EB4D5}
	EndProjectSection
EndProject
Project("{8BC9CEB8-8B4A-11D0-8D11-00A0C91BC942}") = "NCLCoreClasses", "NCLCoreClasses\NCLCoreClasses.vcxproj", "{653BE862-7D40-3C5E-B1C7-3411FE5ED99E}"
	ProjectSection(ProjectDependencies) = postProject
		{84645941-B960-3A70-9CBC-F4B7173EB4D5} = {84645941-B960-3A70-9CBC-F4B7173EB4D5}
	EndProjectSection
EndProject
Project("{8BC9CEB8-8B4A-11D0-8D11-00A0C91BC942}") = "OpenGLRendering", "OpenGLRendering\OpenGLRendering.vcxproj", "{D1A0E61A-6EB5-33D5-8C58-EF2D0EABDECE}"
	ProjectSection(ProjectDependencies) = postProject
		{653BE862-7D40-3C5E-B1C7-3411FE5ED99E} = {653BE862-7D40-3C5E-B1C7-3411FE5ED99E}
		{84645941-B960-3A70-9CBC-F4B7173EB4D5} = {84645941-B960-3A70-9CBC-F4B7173EB4D5}
	EndProjectSection
EndProject
Project("{8BC9CEB8-8B4A-11D0-8D11-00A0C91BC942}") = "ZERO_CHECK", "ZERO_CHECK.vcxproj", "{84645941-B960-3A70-9CBC-F4B7173EB4D5}"
	ProjectSection(ProjectDependencies) = postProject
	EndProjectSection
EndProject
Global
	GlobalSection(SolutionConfigurationPlatforms) = preSolution
		Debug|x64 = Debug|x64
		Release|x64 = Release|x64
	EndGlobalSection
	GlobalSection(ProjectConfigurationPlatforms) = postSolution
		{99A8ED98-B8D2-3D1A-85D8-ED452C522B8F}.Debug|x64.ActiveCfg = Debug|x64
		{99A8ED98-B8D2-3D1A-85D8-ED452C522B8F}.Debug|x64.Build.0 = Debug|x64
		{99A8ED98-B8D2-3D1A-85D8-ED452C522B8F}.Release|x64.ActiveCfg = Release|x64
		{99A8ED98-B8D2-3D1A-85D8-ED452C522B8F}.Release|x64.Build.0 = Release|x64
		{8C518EBF-19B4-3EC0-BC86-C28739A418E7}.Debug|x64.ActiveCfg = Debug|x64
		{8C518EBF-19B4-3EC0-BC86-C28739A418E7}.Release|x64.ActiveCfg = Release|x64
		{71565A07-A826-3185-8087-C20B87A533E4}.Debug|x64.ActiveCfg = Debug|x64
		{71565A07-A826-3185-8087-C20B87A533E4}.Debug|x64.Build.0 = Debug|x64
		{71565A07-A826-3185-8087-C20B87A533E4}.Release|x64.ActiveCfg = Release|x64
		{71565A07-A826-3185-8087-C20B87A533E4}.Release|x64.Build.0 = Release|x64
		{653BE862-7D40-3C5E-B1C7-3411FE5ED99E}.Debug|x64.ActiveCfg = Debug|x64
		{653BE862-7D40-3C5E-B1C7-3411FE5ED99E}.Debug|x64.Build.0 = Debug|x64
		{653BE862-7D40-3C5E-B1C7-3411FE5ED99E}.Release|x64.ActiveCfg = Release|x64
		{653BE862-7D40-3C5E-B1C7-3411FE5ED99E}.Release|x64.Build.0 = Release|x64
		{D1A0E61A-6EB5-33D5-8C58-EF2D0EABDECE}.Debug|x64.ActiveCfg = Debug|x64
		{D1A0E61A-6EB5-33D5-8C58-EF2D0EABDECE}.Debug|x64.Build.0 = Debug|x64
		{D1A0E61A-6EB5-33D5-8C58-EF2D0EABDECE}.Release|x64.ActiveCfg = Release|x64
		{D1A0E61A-6EB5-33D5-8C58-EF2D0EABDECE}.Release|x64.Build.0 = Release|x64
		{84645941-B960-3A70-9CBC-F4B7173EB4D5}.Debug|x64.ActiveCfg = Debug|x64
		{84645941-B960-3A70-9CBC-F4B7173EB4D5}.Debug|x64.Build.0 = Debug|x64
		{84645941-B960-3A70-9CBC-F4B7173EB4D5}.Release|x64.ActiveCfg = Release|x64
		{84645941-B960-3A70-9CBC-F4B7173EB4D5}.Release|x64.Build.0 = Release|x64
	EndGlobalSection
	GlobalSection(NestedProjects) = preSolution
		{8C518EBF-19B4-3EC0-BC86-C28739A418E7} = {602241DD-CC48-3C99-AA90-A29DEBFE3F5E}
		{84645941-B960-3A70-9CBC-F4B7173EB4D5} = {602241DD-CC48-3C99-AA90-A29DEBFE3F5E}
	EndGlobalSection
	GlobalSection(ExtensibilityGlobals) = postSolution
		SolutionGuid = {A86B3A5F-3A7E-3259-B775-54067A800467}
	EndGlobalSection
	GlobalSection(ExtensibilityAddIns) = postSolution
	EndGlobalSection
EndGlobal
