<?xml version="1.0" encoding="utf-8"?>
<Project ToolsVersion="17.0" xmlns="http://schemas.microsoft.com/developer/msbuild/2003">
  <ItemGroup>
    <ClCompile Include="C:\Users\c4071068\source\repos\CSC8503TutorialWork\CSC8503\CMakeFiles\CSC8503.dir\cmake_pch.cxx">
      <Filter>Source Files</Filter>
    </ClCompile>
    <ClCompile Include="C:\Users\c4071068\source\repos\CSC8503TutorialWork\CSC8503\EnemyGameObject.cpp">
      <Filter>Source Files</Filter>
    </ClCompile>
    <ClCompile Include="C:\Users\c4071068\source\repos\CSC8503TutorialWork\CSC8503\GameInstantiations.cpp">
      <Filter>Source Files</Filter>
    </ClCompile>
    <ClCompile Include="C:\Users\c4071068\source\repos\CSC8503TutorialWork\CSC8503\GameTechRenderer.cpp">
      <Filter>Source Files</Filter>
    </ClCompile>
    <ClCompile Include="C:\Users\c4071068\source\repos\CSC8503TutorialWork\CSC8503\Kitten.cpp">
      <Filter>Source Files</Filter>
    </ClCompile>
    <ClCompile Include="C:\Users\c4071068\source\repos\CSC8503TutorialWork\CSC8503\Main.cpp">
      <Filter>Source Files</Filter>
    </ClCompile>
    <ClCompile Include="C:\Users\c4071068\source\repos\CSC8503TutorialWork\CSC8503\MainMenu.cpp">
      <Filter>Source Files</Filter>
    </ClCompile>
    <ClCompile Include="C:\Users\c4071068\source\repos\CSC8503TutorialWork\CSC8503\NetworkPlayer.cpp">
      <Filter>Source Files</Filter>
    </ClCompile>
    <ClCompile Include="C:\Users\c4071068\source\repos\CSC8503TutorialWork\CSC8503\NetworkedGame.cpp">
      <Filter>Source Files</Filter>
    </ClCompile>
    <ClCompile Include="C:\Users\c4071068\source\repos\CSC8503TutorialWork\CSC8503\PlayerGameObject.cpp">
      <Filter>Source Files</Filter>
    </ClCompile>
    <ClCompile Include="C:\Users\c4071068\source\repos\CSC8503TutorialWork\CSC8503\StateGameObject.cpp">
      <Filter>Source Files</Filter>
    </ClCompile>
    <ClCompile Include="C:\Users\c4071068\source\repos\CSC8503TutorialWork\CSC8503\Swarm.cpp">
      <Filter>Source Files</Filter>
    </ClCompile>
    <ClCompile Include="C:\Users\c4071068\source\repos\CSC8503TutorialWork\CSC8503\TutorialGame.cpp">
      <Filter>Source Files</Filter>
    </ClCompile>
  </ItemGroup>
  <ItemGroup>
    <ClInclude Include="C:\Users\c4071068\source\repos\CSC8503TutorialWork\CSC8503\CollectMe.h">
      <Filter>Header Files</Filter>
    </ClInclude>
    <ClInclude Include="C:\Users\c4071068\source\repos\CSC8503TutorialWork\CSC8503\EnemyGameObject.h">
      <Filter>Header Files</Filter>
    </ClInclude>
    <ClInclude Include="C:\Users\c4071068\source\repos\CSC8503TutorialWork\CSC8503\GameTechRenderer.h">
      <Filter>Header Files</Filter>
    </ClInclude>
    <ClInclude Include="C:\Users\c4071068\source\repos\CSC8503TutorialWork\CSC8503\Kitten.h">
      <Filter>Header Files</Filter>
    </ClInclude>
    <ClInclude Include="C:\Users\c4071068\source\repos\CSC8503TutorialWork\CSC8503\MainMenu.h">
      <Filter>Header Files</Filter>
    </ClInclude>
    <ClInclude Include="C:\Users\c4071068\source\repos\CSC8503TutorialWork\CSC8503\NavMeshAgent.h">
      <Filter>Header Files</Filter>
    </ClInclude>
    <ClInclude Include="C:\Users\c4071068\source\repos\CSC8503TutorialWork\CSC8503\NetworkPlayer.h">
      <Filter>Header Files</Filter>
    </ClInclude>
    <ClInclude Include="C:\Users\c4071068\source\repos\CSC8503TutorialWork\CSC8503\NetworkedGame.h">
      <Filter>Header Files</Filter>
    </ClInclude>
    <ClInclude Include="C:\Users\c4071068\source\repos\CSC8503TutorialWork\CSC8503\PlayerGameObject.h">
      <Filter>Header Files</Filter>
    </ClInclude>
    <ClInclude Include="C:\Users\c4071068\source\repos\CSC8503TutorialWork\CSC8503\StateGameObject.h">
      <Filter>Header Files</Filter>
    </ClInclude>
    <ClInclude Include="C:\Users\c4071068\source\repos\CSC8503TutorialWork\CSC8503\Swarm.h">
      <Filter>Header Files</Filter>
    </ClInclude>
    <ClInclude Include="C:\Users\c4071068\source\repos\CSC8503TutorialWork\CSC8503\TutorialGame.h">
      <Filter>Header Files</Filter>
    </ClInclude>
    <ClInclude Include="C:\Users\c4071068\source\repos\CSC8503TutorialWork\CSC8503\UpdateObject.h">
      <Filter>Header Files</Filter>
    </ClInclude>
    <ClInclude Include="C:\Users\c4071068\source\repos\CSC8503TutorialWork\CSC8503\VictoryPlatform.h">
      <Filter>Header Files</Filter>
    </ClInclude>
    <ClInclude Include="C:\Users\c4071068\source\repos\CSC8503TutorialWork\CSC8503\CMakeFiles\CSC8503.dir\Debug\cmake_pch.hxx">
      <Filter>Precompile Header File</Filter>
    </ClInclude>
    <ClInclude Include="C:\Users\c4071068\source\repos\CSC8503TutorialWork\CSC8503\CMakeFiles\CSC8503.dir\Release\cmake_pch.hxx">
      <Filter>Precompile Header File</Filter>
    </ClInclude>
  </ItemGroup>
  <ItemGroup>
    <CustomBuild Include="C:\Users\c4071068\source\repos\CSC8503TutorialWork\CSC8503\CMakeLists.txt" />
  </ItemGroup>
  <ItemGroup>
    <Filter Include="Header Files">
      <UniqueIdentifier>{CDF8C557-29D9-34AA-846C-16E77F574EF5}</UniqueIdentifier>
    </Filter>
    <Filter Include="Precompile Header File">
      <UniqueIdentifier>{9F9134C8-648F-3914-B2E6-AFD94B0DAC77}</UniqueIdentifier>
    </Filter>
    <Filter Include="Source Files">
      <UniqueIdentifier>{05275E9A-8182-3406-A443-172E61D702F0}</UniqueIdentifier>
    </Filter>
  </ItemGroup>
</Project>
